
Microsoft Visual Studio Solution File, Format Version 12.00
# Visual Studio 15
VisualStudioVersion = 15.0.26124.0
MinimumVisualStudioVersion = 15.0.26124.0
Project("{FAE04EC0-301F-11D3-BF4B-00C04F79EFBC}") = "IdentityServer", "IdentityServer\IdentityServer.csproj", "{26C7BA1D-8D23-4914-B8A6-2F73B344CAF6}"
EndProject
Project("{FAE04EC0-301F-11D3-BF4B-00C04F79EFBC}") = "IdentityServerFunction", "IdentityServer.Function\IdentityServerFunction.csproj", "{302A1614-2BA0-48BD-805B-C53D06C9B556}"
EndProject
Global
	GlobalSection(SolutionConfigurationPlatforms) = preSolution
		Debug|Any CPU = Debug|Any CPU
		Debug|x64 = Debug|x64
		Debug|x86 = Debug|x86
		Release|Any CPU = Release|Any CPU
		Release|x64 = Release|x64
		Release|x86 = Release|x86
	EndGlobalSection
	GlobalSection(SolutionProperties) = preSolution
		HideSolutionNode = FALSE
	EndGlobalSection
	GlobalSection(ProjectConfigurationPlatforms) = postSolution
		{26C7BA1D-8D23-4914-B8A6-2F73B344CAF6}.Debug|Any CPU.ActiveCfg = Debug|Any CPU
		{26C7BA1D-8D23-4914-B8A6-2F73B344CAF6}.Debug|Any CPU.Build.0 = Debug|Any CPU
		{26C7BA1D-8D23-4914-B8A6-2F73B344CAF6}.Debug|x64.ActiveCfg = Debug|Any CPU
		{26C7BA1D-8D23-4914-B8A6-2F73B344CAF6}.Debug|x64.Build.0 = Debug|Any CPU
		{26C7BA1D-8D23-4914-B8A6-2F73B344CAF6}.Debug|x86.ActiveCfg = Debug|Any CPU
		{26C7BA1D-8D23-4914-B8A6-2F73B344CAF6}.Debug|x86.Build.0 = Debug|Any CPU
		{26C7BA1D-8D23-4914-B8A6-2F73B344CAF6}.Release|Any CPU.ActiveCfg = Release|Any CPU
		{26C7BA1D-8D23-4914-B8A6-2F73B344CAF6}.Release|Any CPU.Build.0 = Release|Any CPU
		{26C7BA1D-8D23-4914-B8A6-2F73B344CAF6}.Release|x64.ActiveCfg = Release|Any CPU
		{26C7BA1D-8D23-4914-B8A6-2F73B344CAF6}.Release|x64.Build.0 = Release|Any CPU
		{26C7BA1D-8D23-4914-B8A6-2F73B344CAF6}.Release|x86.ActiveCfg = Release|Any CPU
		{26C7BA1D-8D23-4914-B8A6-2F73B344CAF6}.Release|x86.Build.0 = Release|Any CPU
		{302A1614-2BA0-48BD-805B-C53D06C9B556}.Debug|Any CPU.ActiveCfg = Debug|Any CPU
		{302A1614-2BA0-48BD-805B-C53D06C9B556}.Debug|Any CPU.Build.0 = Debug|Any CPU
		{302A1614-2BA0-48BD-805B-C53D06C9B556}.Debug|x64.ActiveCfg = Debug|Any CPU
		{302A1614-2BA0-48BD-805B-C53D06C9B556}.Debug|x64.Build.0 = Debug|Any CPU
		{302A1614-2BA0-48BD-805B-C53D06C9B556}.Debug|x86.ActiveCfg = Debug|Any CPU
		{302A1614-2BA0-48BD-805B-C53D06C9B556}.Debug|x86.Build.0 = Debug|Any CPU
		{302A1614-2BA0-48BD-805B-C53D06C9B556}.Release|Any CPU.ActiveCfg = Release|Any CPU
		{302A1614-2BA0-48BD-805B-C53D06C9B556}.Release|Any CPU.Build.0 = Release|Any CPU
		{302A1614-2BA0-48BD-805B-C53D06C9B556}.Release|x64.ActiveCfg = Release|Any CPU
		{302A1614-2BA0-48BD-805B-C53D06C9B556}.Release|x64.Build.0 = Release|Any CPU
		{302A1614-2BA0-48BD-805B-C53D06C9B556}.Release|x86.ActiveCfg = Release|Any CPU
		{302A1614-2BA0-48BD-805B-C53D06C9B556}.Release|x86.Build.0 = Release|Any CPU
	EndGlobalSection
EndGlobal
